{
  "name": "web-ifc-node",
  "version": "1.0.0",
  "lockfileVersion": 1,
  "requires": true,
  "dependencies": {
    "web-ifc": {
      "version": "0.0.3",
      "resolved": "https://registry.npmjs.org/web-ifc/-/web-ifc-0.0.3.tgz",
      "integrity": "sha512-WNd5lekiyMo+UpzgDWj3g1ddSwes9tDWhd19u6aGP/2jO24WVhRFBpL+6LnuARfARejzHYjh/46jEtCw8GTrCA=="
    }
  }
}
