{
  "name": "web-ifc-node",
  "version": "1.0.0",
  "lockfileVersion": 1,
  "requires": true,
  "dependencies": {
    "web-ifc": {
      "version": "0.0.4",
      "resolved": "https://registry.npmjs.org/web-ifc/-/web-ifc-0.0.4.tgz",
      "integrity": "sha512-AXR7mvvgOYWi3rW3Lgn4QczIlfIeAM6xS09xUu4we37qt2BdY4BBJJJYrvfzz9krhoDSunm4YEOWLK4+ttspjA=="
    }
  }
}
