{
  "name": "web-ifc-three",
  "version": "0.0.1",
  "lockfileVersion": 1,
  "requires": true,
  "dependencies": {
    "esbuild": {
      "version": "0.8.53",
      "resolved": "https://registry.npmjs.org/esbuild/-/esbuild-0.8.53.tgz",
      "integrity": "sha512-GIaYGdMukH58hu+lf07XWAeESBYFAsz8fXnrylHDCbBXKOSNtFmoYA8PhSeSF+3/qzeJ0VjzV9AkLURo5yfu3g==",
      "dev": true
    },
    "typescript": {
      "version": "4.2.2",
      "resolved": "https://registry.npmjs.org/typescript/-/typescript-4.2.2.tgz",
      "integrity": "sha512-tbb+NVrLfnsJy3M59lsDgrzWIflR4d4TIUjz+heUnHZwdF7YsrMTKoRERiIvI2lvBG95dfpLxB21WZhys1bgaQ==",
      "dev": true
    },
    "web-ifc": {
      "version": "0.0.11",
      "resolved": "https://registry.npmjs.org/web-ifc/-/web-ifc-0.0.11.tgz",
      "integrity": "sha512-FjnSYFXyjhKELn+xySHBxinkIAPTgfN4yDiwwKtf3qzTor3rVxNYMEQ6LO1p+8NjHiKqMzxBbjpJILkdBGy97w=="
    }
  }
}
